// !$*UTF8*$!
{
	archiveVersion = 1;
	classes = {
	};
	objectVersion = 50;
	objects = {

/* Begin PBXBuildFile section */
		78438BC225CB126D009DAAC5 /* AppDelegate.swift in Sources */ = {isa = PBXBuildFile; fileRef = 78438BC125CB126D009DAAC5 /* AppDelegate.swift */; };
		78438BC425CB126D009DAAC5 /* SceneDelegate.swift in Sources */ = {isa = PBXBuildFile; fileRef = 78438BC325CB126D009DAAC5 /* SceneDelegate.swift */; };
		78438BC625CB126D009DAAC5 /* LoginViewController.swift in Sources */ = {isa = PBXBuildFile; fileRef = 78438BC525CB126D009DAAC5 /* LoginViewController.swift */; };
		78438BCB25CB1273009DAAC5 /* Assets.xcassets in Resources */ = {isa = PBXBuildFile; fileRef = 78438BCA25CB1273009DAAC5 /* Assets.xcassets */; };
		78438BCE25CB1273009DAAC5 /* LaunchScreen.storyboard in Resources */ = {isa = PBXBuildFile; fileRef = 78438BCC25CB1273009DAAC5 /* LaunchScreen.storyboard */; };
		78438BD925CB1273009DAAC5 /* __3_HomeWorkTests.swift in Sources */ = {isa = PBXBuildFile; fileRef = 78438BD825CB1273009DAAC5 /* __3_HomeWorkTests.swift */; };
		78438BE425CB1273009DAAC5 /* __3_HomeWorkUITests.swift in Sources */ = {isa = PBXBuildFile; fileRef = 78438BE325CB1273009DAAC5 /* __3_HomeWorkUITests.swift */; };
		78438BF525CB2CAF009DAAC5 /* WelcomeViewController .swift in Sources */ = {isa = PBXBuildFile; fileRef = 78438BF425CB2CAF009DAAC5 /* WelcomeViewController .swift */; };
		7850249125CF3A5A005C76F9 /* Model.swift in Sources */ = {isa = PBXBuildFile; fileRef = 7850249025CF3A5A005C76F9 /* Model.swift */; };
		78FC888725D08AF100E99BD4 /* AboutMeViewController.swift in Sources */ = {isa = PBXBuildFile; fileRef = 78F1CDCF25D0695D00815843 /* AboutMeViewController.swift */; };
		78FC88A425D28C7D00E99BD4 /* Main.storyboard in Resources */ = {isa = PBXBuildFile; fileRef = 78FC88A325D28C7D00E99BD4 /* Main.storyboard */; };
/* End PBXBuildFile section */

/* Begin PBXContainerItemProxy section */
		78438BD525CB1273009DAAC5 /* PBXContainerItemProxy */ = {
			isa = PBXContainerItemProxy;
			containerPortal = 78438BB625CB126D009DAAC5 /* Project object */;
			proxyType = 1;
			remoteGlobalIDString = 78438BBD25CB126D009DAAC5;
			remoteInfo = "2.3 HomeWork";
		};
		78438BE025CB1273009DAAC5 /* PBXContainerItemProxy */ = {
			isa = PBXContainerItemProxy;
			containerPortal = 78438BB625CB126D009DAAC5 /* Project object */;
			proxyType = 1;
			remoteGlobalIDString = 78438BBD25CB126D009DAAC5;
			remoteInfo = "2.3 HomeWork";
		};
/* End PBXContainerItemProxy section */

/* Begin PBXFileReference section */
		78438BBE25CB126D009DAAC5 /* 2.3 HomeWork.app */ = {isa = PBXFileReference; explicitFileType = wrapper.application; includeInIndex = 0; path = "2.3 HomeWork.app"; sourceTree = BUILT_PRODUCTS_DIR; };
		78438BC125CB126D009DAAC5 /* AppDelegate.swift */ = {isa = PBXFileReference; lastKnownFileType = sourcecode.swift; path = AppDelegate.swift; sourceTree = "<group>"; };
		78438BC325CB126D009DAAC5 /* SceneDelegate.swift */ = {isa = PBXFileReference; lastKnownFileType = sourcecode.swift; path = SceneDelegate.swift; sourceTree = "<group>"; };
		78438BC525CB126D009DAAC5 /* LoginViewController.swift */ = {isa = PBXFileReference; lastKnownFileType = sourcecode.swift; path = LoginViewController.swift; sourceTree = "<group>"; };
		78438BCA25CB1273009DAAC5 /* Assets.xcassets */ = {isa = PBXFileReference; lastKnownFileType = folder.assetcatalog; path = Assets.xcassets; sourceTree = "<group>"; };
		78438BCD25CB1273009DAAC5 /* Base */ = {isa = PBXFileReference; lastKnownFileType = file.storyboard; name = Base; path = Base.lproj/LaunchScreen.storyboard; sourceTree = "<group>"; };
		78438BCF25CB1273009DAAC5 /* Info.plist */ = {isa = PBXFileReference; lastKnownFileType = text.plist.xml; path = Info.plist; sourceTree = "<group>"; };
		78438BD425CB1273009DAAC5 /* 2.3 HomeWorkTests.xctest */ = {isa = PBXFileReference; explicitFileType = wrapper.cfbundle; includeInIndex = 0; path = "2.3 HomeWorkTests.xctest"; sourceTree = BUILT_PRODUCTS_DIR; };
		78438BD825CB1273009DAAC5 /* __3_HomeWorkTests.swift */ = {isa = PBXFileReference; lastKnownFileType = sourcecode.swift; path = __3_HomeWorkTests.swift; sourceTree = "<group>"; };
		78438BDA25CB1273009DAAC5 /* Info.plist */ = {isa = PBXFileReference; lastKnownFileType = text.plist.xml; path = Info.plist; sourceTree = "<group>"; };
		78438BDF25CB1273009DAAC5 /* 2.3 HomeWorkUITests.xctest */ = {isa = PBXFileReference; explicitFileType = wrapper.cfbundle; includeInIndex = 0; path = "2.3 HomeWorkUITests.xctest"; sourceTree = BUILT_PRODUCTS_DIR; };
		78438BE325CB1273009DAAC5 /* __3_HomeWorkUITests.swift */ = {isa = PBXFileReference; lastKnownFileType = sourcecode.swift; path = __3_HomeWorkUITests.swift; sourceTree = "<group>"; };
		78438BE525CB1273009DAAC5 /* Info.plist */ = {isa = PBXFileReference; lastKnownFileType = text.plist.xml; path = Info.plist; sourceTree = "<group>"; };
		78438BF425CB2CAF009DAAC5 /* WelcomeViewController .swift */ = {isa = PBXFileReference; lastKnownFileType = sourcecode.swift; path = "WelcomeViewController .swift"; sourceTree = "<group>"; };
		7850249025CF3A5A005C76F9 /* Model.swift */ = {isa = PBXFileReference; lastKnownFileType = sourcecode.swift; path = Model.swift; sourceTree = "<group>"; };
		78F1CDCF25D0695D00815843 /* AboutMeViewController.swift */ = {isa = PBXFileReference; lastKnownFileType = sourcecode.swift; path = AboutMeViewController.swift; sourceTree = "<group>"; };
		78FC88A325D28C7D00E99BD4 /* Main.storyboard */ = {isa = PBXFileReference; fileEncoding = 4; lastKnownFileType = file.storyboard; name = Main.storyboard; path = ../../../../Desktop/Main.storyboard; sourceTree = "<group>"; };
/* End PBXFileReference section */

/* Begin PBXFrameworksBuildPhase section */
		78438BBB25CB126D009DAAC5 /* Frameworks */ = {
			isa = PBXFrameworksBuildPhase;
			buildActionMask = 2147483647;
			files = (
			);
			runOnlyForDeploymentPostprocessing = 0;
		};
		78438BD125CB1273009DAAC5 /* Frameworks */ = {
			isa = PBXFrameworksBuildPhase;
			buildActionMask = 2147483647;
			files = (
			);
			runOnlyForDeploymentPostprocessing = 0;
		};
		78438BDC25CB1273009DAAC5 /* Frameworks */ = {
			isa = PBXFrameworksBuildPhase;
			buildActionMask = 2147483647;
			files = (
			);
			runOnlyForDeploymentPostprocessing = 0;
		};
/* End PBXFrameworksBuildPhase section */

/* Begin PBXGroup section */
		78438BB525CB126D009DAAC5 = {
			isa = PBXGroup;
			children = (
				78438BC025CB126D009DAAC5 /* 2.3 HomeWork */,
				78438BD725CB1273009DAAC5 /* 2.3 HomeWorkTests */,
				78438BE225CB1273009DAAC5 /* 2.3 HomeWorkUITests */,
				78438BBF25CB126D009DAAC5 /* Products */,
			);
			sourceTree = "<group>";
		};
		78438BBF25CB126D009DAAC5 /* Products */ = {
			isa = PBXGroup;
			children = (
				78438BBE25CB126D009DAAC5 /* 2.3 HomeWork.app */,
				78438BD425CB1273009DAAC5 /* 2.3 HomeWorkTests.xctest */,
				78438BDF25CB1273009DAAC5 /* 2.3 HomeWorkUITests.xctest */,
			);
			name = Products;
			sourceTree = "<group>";
		};
		78438BC025CB126D009DAAC5 /* 2.3 HomeWork */ = {
			isa = PBXGroup;
			children = (
				78438BC125CB126D009DAAC5 /* AppDelegate.swift */,
				78438BC325CB126D009DAAC5 /* SceneDelegate.swift */,
				78438BC525CB126D009DAAC5 /* LoginViewController.swift */,
				78F1CDCF25D0695D00815843 /* AboutMeViewController.swift */,
				78FC88A325D28C7D00E99BD4 /* Main.storyboard */,
				7850249025CF3A5A005C76F9 /* Model.swift */,
				78438BF425CB2CAF009DAAC5 /* WelcomeViewController .swift */,
				78438BCA25CB1273009DAAC5 /* Assets.xcassets */,
				78438BCC25CB1273009DAAC5 /* LaunchScreen.storyboard */,
				78438BCF25CB1273009DAAC5 /* Info.plist */,
			);
			path = "2.3 HomeWork";
			sourceTree = "<group>";
		};
		78438BD725CB1273009DAAC5 /* 2.3 HomeWorkTests */ = {
			isa = PBXGroup;
			children = (
				78438BD825CB1273009DAAC5 /* __3_HomeWorkTests.swift */,
				78438BDA25CB1273009DAAC5 /* Info.plist */,
			);
			path = "2.3 HomeWorkTests";
			sourceTree = "<group>";
		};
		78438BE225CB1273009DAAC5 /* 2.3 HomeWorkUITests */ = {
			isa = PBXGroup;
			children = (
				78438BE325CB1273009DAAC5 /* __3_HomeWorkUITests.swift */,
				78438BE525CB1273009DAAC5 /* Info.plist */,
			);
			path = "2.3 HomeWorkUITests";
			sourceTree = "<group>";
		};
/* End PBXGroup section */

/* Begin PBXNativeTarget section */
		78438BBD25CB126D009DAAC5 /* 2.3 HomeWork */ = {
			isa = PBXNativeTarget;
			buildConfigurationList = 78438BE825CB1273009DAAC5 /* Build configuration list for PBXNativeTarget "2.3 HomeWork" */;
			buildPhases = (
				78438BBA25CB126D009DAAC5 /* Sources */,
				78438BBB25CB126D009DAAC5 /* Frameworks */,
				78438BBC25CB126D009DAAC5 /* Resources */,
			);
			buildRules = (
			);
			dependencies = (
			);
			name = "2.3 HomeWork";
			productName = "2.3 HomeWork";
			productReference = 78438BBE25CB126D009DAAC5 /* 2.3 HomeWork.app */;
			productType = "com.apple.product-type.application";
		};
		78438BD325CB1273009DAAC5 /* 2.3 HomeWorkTests */ = {
			isa = PBXNativeTarget;
			buildConfigurationList = 78438BEB25CB1273009DAAC5 /* Build configuration list for PBXNativeTarget "2.3 HomeWorkTests" */;
			buildPhases = (
				78438BD025CB1273009DAAC5 /* Sources */,
				78438BD125CB1273009DAAC5 /* Frameworks */,
				78438BD225CB1273009DAAC5 /* Resources */,
			);
			buildRules = (
			);
			dependencies = (
				78438BD625CB1273009DAAC5 /* PBXTargetDependency */,
			);
			name = "2.3 HomeWorkTests";
			productName = "2.3 HomeWorkTests";
			productReference = 78438BD425CB1273009DAAC5 /* 2.3 HomeWorkTests.xctest */;
			productType = "com.apple.product-type.bundle.unit-test";
		};
		78438BDE25CB1273009DAAC5 /* 2.3 HomeWorkUITests */ = {
			isa = PBXNativeTarget;
			buildConfigurationList = 78438BEE25CB1273009DAAC5 /* Build configuration list for PBXNativeTarget "2.3 HomeWorkUITests" */;
			buildPhases = (
				78438BDB25CB1273009DAAC5 /* Sources */,
				78438BDC25CB1273009DAAC5 /* Frameworks */,
				78438BDD25CB1273009DAAC5 /* Resources */,
			);
			buildRules = (
			);
			dependencies = (
				78438BE125CB1273009DAAC5 /* PBXTargetDependency */,
			);
			name = "2.3 HomeWorkUITests";
			productName = "2.3 HomeWorkUITests";
			productReference = 78438BDF25CB1273009DAAC5 /* 2.3 HomeWorkUITests.xctest */;
			productType = "com.apple.product-type.bundle.ui-testing";
		};
/* End PBXNativeTarget section */

/* Begin PBXProject section */
		78438BB625CB126D009DAAC5 /* Project object */ = {
			isa = PBXProject;
			attributes = {
				LastSwiftUpdateCheck = 1240;
				LastUpgradeCheck = 1240;
				TargetAttributes = {
					78438BBD25CB126D009DAAC5 = {
						CreatedOnToolsVersion = 12.4;
					};
					78438BD325CB1273009DAAC5 = {
						CreatedOnToolsVersion = 12.4;
						TestTargetID = 78438BBD25CB126D009DAAC5;
					};
					78438BDE25CB1273009DAAC5 = {
						CreatedOnToolsVersion = 12.4;
						TestTargetID = 78438BBD25CB126D009DAAC5;
					};
				};
			};
			buildConfigurationList = 78438BB925CB126D009DAAC5 /* Build configuration list for PBXProject "2.3 HomeWork" */;
			compatibilityVersion = "Xcode 9.3";
			developmentRegion = en;
			hasScannedForEncodings = 0;
			knownRegions = (
				en,
				Base,
			);
			mainGroup = 78438BB525CB126D009DAAC5;
			productRefGroup = 78438BBF25CB126D009DAAC5 /* Products */;
			projectDirPath = "";
			projectRoot = "";
			targets = (
				78438BBD25CB126D009DAAC5 /* 2.3 HomeWork */,
				78438BD325CB1273009DAAC5 /* 2.3 HomeWorkTests */,
				78438BDE25CB1273009DAAC5 /* 2.3 HomeWorkUITests */,
			);
		};
/* End PBXProject section */

/* Begin PBXResourcesBuildPhase section */
		78438BBC25CB126D009DAAC5 /* Resources */ = {
			isa = PBXResourcesBuildPhase;
			buildActionMask = 2147483647;
			files = (
				78438BCE25CB1273009DAAC5 /* LaunchScreen.storyboard in Resources */,
				78FC88A425D28C7D00E99BD4 /* Main.storyboard in Resources */,
				78438BCB25CB1273009DAAC5 /* Assets.xcassets in Resources */,
			);
			runOnlyForDeploymentPostprocessing = 0;
		};
		78438BD225CB1273009DAAC5 /* Resources */ = {
			isa = PBXResourcesBuildPhase;
			buildActionMask = 2147483647;
			files = (
			);
			runOnlyForDeploymentPostprocessing = 0;
		};
		78438BDD25CB1273009DAAC5 /* Resources */ = {
			isa = PBXResourcesBuildPhase;
			buildActionMask = 2147483647;
			files = (
			);
			runOnlyForDeploymentPostprocessing = 0;
		};
/* End PBXResourcesBuildPhase section */

/* Begin PBXSourcesBuildPhase section */
		78438BBA25CB126D009DAAC5 /* Sources */ = {
			isa = PBXSourcesBuildPhase;
			buildActionMask = 2147483647;
			files = (
				78438BC625CB126D009DAAC5 /* LoginViewController.swift in Sources */,
				78438BC225CB126D009DAAC5 /* AppDelegate.swift in Sources */,
				78438BF525CB2CAF009DAAC5 /* WelcomeViewController .swift in Sources */,
				7850249125CF3A5A005C76F9 /* Model.swift in Sources */,
				78FC888725D08AF100E99BD4 /* AboutMeViewController.swift in Sources */,
				78438BC425CB126D009DAAC5 /* SceneDelegate.swift in Sources */,
			);
			runOnlyForDeploymentPostprocessing = 0;
		};
		78438BD025CB1273009DAAC5 /* Sources */ = {
			isa = PBXSourcesBuildPhase;
			buildActionMask = 2147483647;
			files = (
				78438BD925CB1273009DAAC5 /* __3_HomeWorkTests.swift in Sources */,
			);
			runOnlyForDeploymentPostprocessing = 0;
		};
		78438BDB25CB1273009DAAC5 /* Sources */ = {
			isa = PBXSourcesBuildPhase;
			buildActionMask = 2147483647;
			files = (
				78438BE425CB1273009DAAC5 /* __3_HomeWorkUITests.swift in Sources */,
			);
			runOnlyForDeploymentPostprocessing = 0;
		};
/* End PBXSourcesBuildPhase section */

/* Begin PBXTargetDependency section */
		78438BD625CB1273009DAAC5 /* PBXTargetDependency */ = {
			isa = PBXTargetDependency;
			target = 78438BBD25CB126D009DAAC5 /* 2.3 HomeWork */;
			targetProxy = 78438BD525CB1273009DAAC5 /* PBXContainerItemProxy */;
		};
		78438BE125CB1273009DAAC5 /* PBXTargetDependency */ = {
			isa = PBXTargetDependency;
			target = 78438BBD25CB126D009DAAC5 /* 2.3 HomeWork */;
			targetProxy = 78438BE025CB1273009DAAC5 /* PBXContainerItemProxy */;
		};
/* End PBXTargetDependency section */

/* Begin PBXVariantGroup section */
		78438BCC25CB1273009DAAC5 /* LaunchScreen.storyboard */ = {
			isa = PBXVariantGroup;
			children = (
				78438BCD25CB1273009DAAC5 /* Base */,
			);
			name = LaunchScreen.storyboard;
			sourceTree = "<group>";
		};
/* End PBXVariantGroup section */

/* Begin XCBuildConfiguration section */
		78438BE625CB1273009DAAC5 /* Debug */ = {
			isa = XCBuildConfiguration;
			buildSettings = {
				ALWAYS_SEARCH_USER_PATHS = NO;
				CLANG_ANALYZER_NONNULL = YES;
				CLANG_ANALYZER_NUMBER_OBJECT_CONVERSION = YES_AGGRESSIVE;
				CLANG_CXX_LANGUAGE_STANDARD = "gnu++14";
				CLANG_CXX_LIBRARY = "libc++";
				CLANG_ENABLE_MODULES = YES;
				CLANG_ENABLE_OBJC_ARC = YES;
				CLANG_ENABLE_OBJC_WEAK = YES;
				CLANG_WARN_BLOCK_CAPTURE_AUTORELEASING = YES;
				CLANG_WARN_BOOL_CONVERSION = YES;
				CLANG_WARN_COMMA = YES;
				CLANG_WARN_CONSTANT_CONVERSION = YES;
				CLANG_WARN_DEPRECATED_OBJC_IMPLEMENTATIONS = YES;
				CLANG_WARN_DIRECT_OBJC_ISA_USAGE = YES_ERROR;
				CLANG_WARN_DOCUMENTATION_COMMENTS = YES;
				CLANG_WARN_EMPTY_BODY = YES;
				CLANG_WARN_ENUM_CONVERSION = YES;
				CLANG_WARN_INFINITE_RECURSION = YES;
				CLANG_WARN_INT_CONVERSION = YES;
				CLANG_WARN_NON_LITERAL_NULL_CONVERSION = YES;
				CLANG_WARN_OBJC_IMPLICIT_RETAIN_SELF = YES;
				CLANG_WARN_OBJC_LITERAL_CONVERSION = YES;
				CLANG_WARN_OBJC_ROOT_CLASS = YES_ERROR;
				CLANG_WARN_QUOTED_INCLUDE_IN_FRAMEWORK_HEADER = YES;
				CLANG_WARN_RANGE_LOOP_ANALYSIS = YES;
				CLANG_WARN_STRICT_PROTOTYPES = YES;
				CLANG_WARN_SUSPICIOUS_MOVE = YES;
				CLANG_WARN_UNGUARDED_AVAILABILITY = YES_AGGRESSIVE;
				CLANG_WARN_UNREACHABLE_CODE = YES;
				CLANG_WARN__DUPLICATE_METHOD_MATCH = YES;
				COPY_PHASE_STRIP = NO;
				DEBUG_INFORMATION_FORMAT = dwarf;
				ENABLE_STRICT_OBJC_MSGSEND = YES;
				ENABLE_TESTABILITY = YES;
				GCC_C_LANGUAGE_STANDARD = gnu11;
				GCC_DYNAMIC_NO_PIC = NO;
				GCC_NO_COMMON_BLOCKS = YES;
				GCC_OPTIMIZATION_LEVEL = 0;
				GCC_PREPROCESSOR_DEFINITIONS = (
					"DEBUG=1",
					"$(inherited)",
				);
				GCC_WARN_64_TO_32_BIT_CONVERSION = YES;
				GCC_WARN_ABOUT_RETURN_TYPE = YES_ERROR;
				GCC_WARN_UNDECLARED_SELECTOR = YES;
				GCC_WARN_UNINITIALIZED_AUTOS = YES_AGGRESSIVE;
				GCC_WARN_UNUSED_FUNCTION = YES;
				GCC_WARN_UNUSED_VARIABLE = YES;
				IPHONEOS_DEPLOYMENT_TARGET = 14.4;
				MTL_ENABLE_DEBUG_INFO = INCLUDE_SOURCE;
				MTL_FAST_MATH = YES;
				ONLY_ACTIVE_ARCH = YES;
				SDKROOT = iphoneos;
				SWIFT_ACTIVE_COMPILATION_CONDITIONS = DEBUG;
				SWIFT_OPTIMIZATION_LEVEL = "-Onone";
			};
			name = Debug;
		};
		78438BE725CB1273009DAAC5 /* Release */ = {
			isa = XCBuildConfiguration;
			buildSettings = {
				ALWAYS_SEARCH_USER_PATHS = NO;
				CLANG_ANALYZER_NONNULL = YES;
				CLANG_ANALYZER_NUMBER_OBJECT_CONVERSION = YES_AGGRESSIVE;
				CLANG_CXX_LANGUAGE_STANDARD = "gnu++14";
				CLANG_CXX_LIBRARY = "libc++";
				CLANG_ENABLE_MODULES = YES;
				CLANG_ENABLE_OBJC_ARC = YES;
				CLANG_ENABLE_OBJC_WEAK = YES;
				CLANG_WARN_BLOCK_CAPTURE_AUTORELEASING = YES;
				CLANG_WARN_BOOL_CONVERSION = YES;
				CLANG_WARN_COMMA = YES;
				CLANG_WARN_CONSTANT_CONVERSION = YES;
				CLANG_WARN_DEPRECATED_OBJC_IMPLEMENTATIONS = YES;
				CLANG_WARN_DIRECT_OBJC_ISA_USAGE = YES_ERROR;
				CLANG_WARN_DOCUMENTATION_COMMENTS = YES;
				CLANG_WARN_EMPTY_BODY = YES;
				CLANG_WARN_ENUM_CONVERSION = YES;
				CLANG_WARN_INFINITE_RECURSION = YES;
				CLANG_WARN_INT_CONVERSION = YES;
				CLANG_WARN_NON_LITERAL_NULL_CONVERSION = YES;
				CLANG_WARN_OBJC_IMPLICIT_RETAIN_SELF = YES;
				CLANG_WARN_OBJC_LITERAL_CONVERSION = YES;
				CLANG_WARN_OBJC_ROOT_CLASS = YES_ERROR;
				CLANG_WARN_QUOTED_INCLUDE_IN_FRAMEWORK_HEADER = YES;
				CLANG_WARN_RANGE_LOOP_ANALYSIS = YES;
				CLANG_WARN_STRICT_PROTOTYPES = YES;
				CLANG_WARN_SUSPICIOUS_MOVE = YES;
				CLANG_WARN_UNGUARDED_AVAILABILITY = YES_AGGRESSIVE;
				CLANG_WARN_UNREACHABLE_CODE = YES;
				CLANG_WARN__DUPLICATE_METHOD_MATCH = YES;
				COPY_PHASE_STRIP = NO;
				DEBUG_INFORMATION_FORMAT = "dwarf-with-dsym";
				ENABLE_NS_ASSERTIONS = NO;
				ENABLE_STRICT_OBJC_MSGSEND = YES;
				GCC_C_LANGUAGE_STANDARD = gnu11;
				GCC_NO_COMMON_BLOCKS = YES;
				GCC_WARN_64_TO_32_BIT_CONVERSION = YES;
				GCC_WARN_ABOUT_RETURN_TYPE = YES_ERROR;
				GCC_WARN_UNDECLARED_SELECTOR = YES;
				GCC_WARN_UNINITIALIZED_AUTOS = YES_AGGRESSIVE;
				GCC_WARN_UNUSED_FUNCTION = YES;
				GCC_WARN_UNUSED_VARIABLE = YES;
				IPHONEOS_DEPLOYMENT_TARGET = 14.4;
				MTL_ENABLE_DEBUG_INFO = NO;
				MTL_FAST_MATH = YES;
				SDKROOT = iphoneos;
				SWIFT_COMPILATION_MODE = wholemodule;
				SWIFT_OPTIMIZATION_LEVEL = "-O";
				VALIDATE_PRODUCT = YES;
			};
			name = Release;
		};
		78438BE925CB1273009DAAC5 /* Debug */ = {
			isa = XCBuildConfiguration;
			buildSettings = {
				ASSETCATALOG_COMPILER_APPICON_NAME = AppIcon;
				ASSETCATALOG_COMPILER_GLOBAL_ACCENT_COLOR_NAME = AccentColor;
				CODE_SIGN_STYLE = Automatic;
				DEVELOPMENT_TEAM = 85W6242Y3L;
				INFOPLIST_FILE = "2.3 HomeWork/Info.plist";
				LD_RUNPATH_SEARCH_PATHS = (
					"$(inherited)",
					"@executable_path/Frameworks",
				);
				PRODUCT_BUNDLE_IDENTIFIER = "com.lazukaelena.FunFacts.--3-HomeWork";
				PRODUCT_NAME = "$(TARGET_NAME)";
				SWIFT_VERSION = 5.0;
				TARGETED_DEVICE_FAMILY = "1,2";
			};
			name = Debug;
		};
		78438BEA25CB1273009DAAC5 /* Release */ = {
			isa = XCBuildConfiguration;
			buildSettings = {
				ASSETCATALOG_COMPILER_APPICON_NAME = AppIcon;
				ASSETCATALOG_COMPILER_GLOBAL_ACCENT_COLOR_NAME = AccentColor;
				CODE_SIGN_STYLE = Automatic;
				DEVELOPMENT_TEAM = 85W6242Y3L;
				INFOPLIST_FILE = "2.3 HomeWork/Info.plist";
				LD_RUNPATH_SEARCH_PATHS = (
					"$(inherited)",
					"@executable_path/Frameworks",
				);
				PRODUCT_BUNDLE_IDENTIFIER = "com.lazukaelena.FunFacts.--3-HomeWork";
				PRODUCT_NAME = "$(TARGET_NAME)";
				SWIFT_VERSION = 5.0;
				TARGETED_DEVICE_FAMILY = "1,2";
			};
			name = Release;
		};
		78438BEC25CB1273009DAAC5 /* Debug */ = {
			isa = XCBuildConfiguration;
			buildSettings = {
				ALWAYS_EMBED_SWIFT_STANDARD_LIBRARIES = YES;
				BUNDLE_LOADER = "$(TEST_HOST)";
				CODE_SIGN_STYLE = Automatic;
				DEVELOPMENT_TEAM = 85W6242Y3L;
				INFOPLIST_FILE = "2.3 HomeWorkTests/Info.plist";
				IPHONEOS_DEPLOYMENT_TARGET = 14.4;
				LD_RUNPATH_SEARCH_PATHS = (
					"$(inherited)",
					"@executable_path/Frameworks",
					"@loader_path/Frameworks",
				);
				PRODUCT_BUNDLE_IDENTIFIER = "com.lazukaelena.FunFacts.--3-HomeWorkTests";
				PRODUCT_NAME = "$(TARGET_NAME)";
				SWIFT_VERSION = 5.0;
				TARGETED_DEVICE_FAMILY = "1,2";
				TEST_HOST = "$(BUILT_PRODUCTS_DIR)/2.3 HomeWork.app/2.3 HomeWork";
			};
			name = Debug;
		};
		78438BED25CB1273009DAAC5 /* Release */ = {
			isa = XCBuildConfiguration;
			buildSettings = {
				ALWAYS_EMBED_SWIFT_STANDARD_LIBRARIES = YES;
				BUNDLE_LOADER = "$(TEST_HOST)";
				CODE_SIGN_STYLE = Automatic;
				DEVELOPMENT_TEAM = 85W6242Y3L;
				INFOPLIST_FILE = "2.3 HomeWorkTests/Info.plist";
				IPHONEOS_DEPLOYMENT_TARGET = 14.4;
				LD_RUNPATH_SEARCH_PATHS = (
					"$(inherited)",
					"@executable_path/Frameworks",
					"@loader_path/Frameworks",
				);
				PRODUCT_BUNDLE_IDENTIFIER = "com.lazukaelena.FunFacts.--3-HomeWorkTests";
				PRODUCT_NAME = "$(TARGET_NAME)";
				SWIFT_VERSION = 5.0;
				TARGETED_DEVICE_FAMILY = "1,2";
				TEST_HOST = "$(BUILT_PRODUCTS_DIR)/2.3 HomeWork.app/2.3 HomeWork";
			};
			name = Release;
		};
		78438BEF25CB1273009DAAC5 /* Debug */ = {
			isa = XCBuildConfiguration;
			buildSettings = {
				ALWAYS_EMBED_SWIFT_STANDARD_LIBRARIES = YES;
				CODE_SIGN_STYLE = Automatic;
				DEVELOPMENT_TEAM = 85W6242Y3L;
				INFOPLIST_FILE = "2.3 HomeWorkUITests/Info.plist";
				LD_RUNPATH_SEARCH_PATHS = (
					"$(inherited)",
					"@executable_path/Frameworks",
					"@loader_path/Frameworks",
				);
				PRODUCT_BUNDLE_IDENTIFIER = "com.lazukaelena.FunFacts.--3-HomeWorkUITests";
				PRODUCT_NAME = "$(TARGET_NAME)";
				SWIFT_VERSION = 5.0;
				TARGETED_DEVICE_FAMILY = "1,2";
				TEST_TARGET_NAME = "2.3 HomeWork";
			};
			name = Debug;
		};
		78438BF025CB1273009DAAC5 /* Release */ = {
			isa = XCBuildConfiguration;
			buildSettings = {
				ALWAYS_EMBED_SWIFT_STANDARD_LIBRARIES = YES;
				CODE_SIGN_STYLE = Automatic;
				DEVELOPMENT_TEAM = 85W6242Y3L;
				INFOPLIST_FILE = "2.3 HomeWorkUITests/Info.plist";
				LD_RUNPATH_SEARCH_PATHS = (
					"$(inherited)",
					"@executable_path/Frameworks",
					"@loader_path/Frameworks",
				);
				PRODUCT_BUNDLE_IDENTIFIER = "com.lazukaelena.FunFacts.--3-HomeWorkUITests";
				PRODUCT_NAME = "$(TARGET_NAME)";
				SWIFT_VERSION = 5.0;
				TARGETED_DEVICE_FAMILY = "1,2";
				TEST_TARGET_NAME = "2.3 HomeWork";
			};
			name = Release;
		};
/* End XCBuildConfiguration section */

/* Begin XCConfigurationList section */
		78438BB925CB126D009DAAC5 /* Build configuration list for PBXProject "2.3 HomeWork" */ = {
			isa = XCConfigurationList;
			buildConfigurations = (
				78438BE625CB1273009DAAC5 /* Debug */,
				78438BE725CB1273009DAAC5 /* Release */,
			);
			defaultConfigurationIsVisible = 0;
			defaultConfigurationName = Release;
		};
		78438BE825CB1273009DAAC5 /* Build configuration list for PBXNativeTarget "2.3 HomeWork" */ = {
			isa = XCConfigurationList;
			buildConfigurations = (
				78438BE925CB1273009DAAC5 /* Debug */,
				78438BEA25CB1273009DAAC5 /* Release */,
			);
			defaultConfigurationIsVisible = 0;
			defaultConfigurationName = Release;
		};
		78438BEB25CB1273009DAAC5 /* Build configuration list for PBXNativeTarget "2.3 HomeWorkTests" */ = {
			isa = XCConfigurationList;
			buildConfigurations = (
				78438BEC25CB1273009DAAC5 /* Debug */,
				78438BED25CB1273009DAAC5 /* Release */,
			);
			defaultConfigurationIsVisible = 0;
			defaultConfigurationName = Release;
		};
		78438BEE25CB1273009DAAC5 /* Build configuration list for PBXNativeTarget "2.3 HomeWorkUITests" */ = {
			isa = XCConfigurationList;
			buildConfigurations = (
				78438BEF25CB1273009DAAC5 /* Debug */,
				78438BF025CB1273009DAAC5 /* Release */,
			);
			defaultConfigurationIsVisible = 0;
			defaultConfigurationName = Release;
		};
/* End XCConfigurationList section */
	};
	rootObject = 78438BB625CB126D009DAAC5 /* Project object */;
}
